
Microsoft Visual Studio Solution File, Format Version 12.00
# Visual Studio Version 17
VisualStudioVersion = 17.10.35027.167
MinimumVisualStudioVersion = 10.0.40219.1
Project("{FAE04EC0-301F-11D3-BF4B-00C04F79EFBC}") = "ConsoleApp0710", "ConsoleApp0710.csproj", "{A041B2C3-032E-4186-99D6-CE22ECBA4BD6}"
EndProject
Global
	GlobalSection(SolutionConfigurationPlatforms) = preSolution
		Debug|Any CPU = Debug|Any CPU
		Release|Any CPU = Release|Any CPU
	EndGlobalSection
	GlobalSection(ProjectConfigurationPlatforms) = postSolution
		{A041B2C3-032E-4186-99D6-CE22ECBA4BD6}.Debug|Any CPU.ActiveCfg = Debug|Any CPU
		{A041B2C3-032E-4186-99D6-CE22ECBA4BD6}.Debug|Any CPU.Build.0 = Debug|Any CPU
		{A041B2C3-032E-4186-99D6-CE22ECBA4BD6}.Release|Any CPU.ActiveCfg = Release|Any CPU
		{A041B2C3-032E-4186-99D6-CE22ECBA4BD6}.Release|Any CPU.Build.0 = Release|Any CPU
	EndGlobalSection
	GlobalSection(SolutionProperties) = preSolution
		HideSolutionNode = FALSE
	EndGlobalSection
	GlobalSection(ExtensibilityGlobals) = postSolution
		SolutionGuid = {DC35F0E8-4F7E-4239-8CFF-038E0921AC82}
	EndGlobalSection
EndGlobal
